// !$*UTF8*$!
{
	archiveVersion = 1;
	classes = {
	};
	objectVersion = 55;
	objects = {

/* Begin PBXBuildFile section */
		49889692288A7AD200661532 /* AppDelegate.swift in Sources */ = {isa = PBXBuildFile; fileRef = 49889691288A7AD200661532 /* AppDelegate.swift */; };
		49889694288A7AD200661532 /* SceneDelegate.swift in Sources */ = {isa = PBXBuildFile; fileRef = 49889693288A7AD200661532 /* SceneDelegate.swift */; };
		49889696288A7AD200661532 /* ViewController.swift in Sources */ = {isa = PBXBuildFile; fileRef = 49889695288A7AD200661532 /* ViewController.swift */; };
		49889699288A7AD200661532 /* Main.storyboard in Resources */ = {isa = PBXBuildFile; fileRef = 49889697288A7AD200661532 /* Main.storyboard */; };
		4988969B288A7AD400661532 /* Assets.xcassets in Resources */ = {isa = PBXBuildFile; fileRef = 4988969A288A7AD400661532 /* Assets.xcassets */; };
		4988969E288A7AD400661532 /* LaunchScreen.storyboard in Resources */ = {isa = PBXBuildFile; fileRef = 4988969C288A7AD400661532 /* LaunchScreen.storyboard */; };
		498896A6288A915100661532 /* SelectTamagotchi.storyboard in Resources */ = {isa = PBXBuildFile; fileRef = 498896A5288A915100661532 /* SelectTamagotchi.storyboard */; };
		498896A8288A924100661532 /* SelectTamagotchiCollectionCollectionViewController.swift in Sources */ = {isa = PBXBuildFile; fileRef = 498896A7288A924100661532 /* SelectTamagotchiCollectionCollectionViewController.swift */; };
		498896AA288A925600661532 /* SelectTamagotchiCollectionViewCell.swift in Sources */ = {isa = PBXBuildFile; fileRef = 498896A9288A925600661532 /* SelectTamagotchiCollectionViewCell.swift */; };
		498896AC288AA69200661532 /* Tamagotchi.swift in Sources */ = {isa = PBXBuildFile; fileRef = 498896AB288AA69200661532 /* Tamagotchi.swift */; };
		498896AE288AA74800661532 /* TamagotchiInfo.swift in Sources */ = {isa = PBXBuildFile; fileRef = 498896AD288AA74800661532 /* TamagotchiInfo.swift */; };
		498896B0288AB90600661532 /* PopUpViewController.swift in Sources */ = {isa = PBXBuildFile; fileRef = 498896AF288AB90600661532 /* PopUpViewController.swift */; };
/* End PBXBuildFile section */

/* Begin PBXFileReference section */
		4988968E288A7AD200661532 /* TamagotchiGameProject.app */ = {isa = PBXFileReference; explicitFileType = wrapper.application; includeInIndex = 0; path = TamagotchiGameProject.app; sourceTree = BUILT_PRODUCTS_DIR; };
		49889691288A7AD200661532 /* AppDelegate.swift */ = {isa = PBXFileReference; lastKnownFileType = sourcecode.swift; path = AppDelegate.swift; sourceTree = "<group>"; };
		49889693288A7AD200661532 /* SceneDelegate.swift */ = {isa = PBXFileReference; lastKnownFileType = sourcecode.swift; path = SceneDelegate.swift; sourceTree = "<group>"; };
		49889695288A7AD200661532 /* ViewController.swift */ = {isa = PBXFileReference; lastKnownFileType = sourcecode.swift; path = ViewController.swift; sourceTree = "<group>"; };
		49889698288A7AD200661532 /* Base */ = {isa = PBXFileReference; lastKnownFileType = file.storyboard; name = Base; path = Base.lproj/Main.storyboard; sourceTree = "<group>"; };
		4988969A288A7AD400661532 /* Assets.xcassets */ = {isa = PBXFileReference; lastKnownFileType = folder.assetcatalog; path = Assets.xcassets; sourceTree = "<group>"; };
		4988969D288A7AD400661532 /* Base */ = {isa = PBXFileReference; lastKnownFileType = file.storyboard; name = Base; path = Base.lproj/LaunchScreen.storyboard; sourceTree = "<group>"; };
		4988969F288A7AD400661532 /* Info.plist */ = {isa = PBXFileReference; lastKnownFileType = text.plist.xml; path = Info.plist; sourceTree = "<group>"; };
		498896A5288A915100661532 /* SelectTamagotchi.storyboard */ = {isa = PBXFileReference; lastKnownFileType = file.storyboard; path = SelectTamagotchi.storyboard; sourceTree = "<group>"; };
		498896A7288A924100661532 /* SelectTamagotchiCollectionCollectionViewController.swift */ = {isa = PBXFileReference; lastKnownFileType = sourcecode.swift; path = SelectTamagotchiCollectionCollectionViewController.swift; sourceTree = "<group>"; };
		498896A9288A925600661532 /* SelectTamagotchiCollectionViewCell.swift */ = {isa = PBXFileReference; lastKnownFileType = sourcecode.swift; path = SelectTamagotchiCollectionViewCell.swift; sourceTree = "<group>"; };
		498896AB288AA69200661532 /* Tamagotchi.swift */ = {isa = PBXFileReference; lastKnownFileType = sourcecode.swift; path = Tamagotchi.swift; sourceTree = "<group>"; };
		498896AD288AA74800661532 /* TamagotchiInfo.swift */ = {isa = PBXFileReference; lastKnownFileType = sourcecode.swift; path = TamagotchiInfo.swift; sourceTree = "<group>"; };
		498896AF288AB90600661532 /* PopUpViewController.swift */ = {isa = PBXFileReference; lastKnownFileType = sourcecode.swift; path = PopUpViewController.swift; sourceTree = "<group>"; };
/* End PBXFileReference section */

/* Begin PBXFrameworksBuildPhase section */
		4988968B288A7AD200661532 /* Frameworks */ = {
			isa = PBXFrameworksBuildPhase;
			buildActionMask = 2147483647;
			files = (
			);
			runOnlyForDeploymentPostprocessing = 0;
		};
/* End PBXFrameworksBuildPhase section */

/* Begin PBXGroup section */
		49889685288A7AD200661532 = {
			isa = PBXGroup;
			children = (
				49889690288A7AD200661532 /* TamagotchiGameProject */,
				4988968F288A7AD200661532 /* Products */,
			);
			sourceTree = "<group>";
		};
		4988968F288A7AD200661532 /* Products */ = {
			isa = PBXGroup;
			children = (
				4988968E288A7AD200661532 /* TamagotchiGameProject.app */,
			);
			name = Products;
			sourceTree = "<group>";
		};
		49889690288A7AD200661532 /* TamagotchiGameProject */ = {
			isa = PBXGroup;
			children = (
				49889691288A7AD200661532 /* AppDelegate.swift */,
				49889693288A7AD200661532 /* SceneDelegate.swift */,
				49889695288A7AD200661532 /* ViewController.swift */,
				49889697288A7AD200661532 /* Main.storyboard */,
				498896A5288A915100661532 /* SelectTamagotchi.storyboard */,
				498896A9288A925600661532 /* SelectTamagotchiCollectionViewCell.swift */,
				498896A7288A924100661532 /* SelectTamagotchiCollectionCollectionViewController.swift */,
				498896AF288AB90600661532 /* PopUpViewController.swift */,
				498896AB288AA69200661532 /* Tamagotchi.swift */,
				498896AD288AA74800661532 /* TamagotchiInfo.swift */,
				4988969C288A7AD400661532 /* LaunchScreen.storyboard */,
				4988969A288A7AD400661532 /* Assets.xcassets */,
				4988969F288A7AD400661532 /* Info.plist */,
			);
			path = TamagotchiGameProject;
			sourceTree = "<group>";
		};
/* End PBXGroup section */

/* Begin PBXNativeTarget section */
		4988968D288A7AD200661532 /* TamagotchiGameProject */ = {
			isa = PBXNativeTarget;
			buildConfigurationList = 498896A2288A7AD400661532 /* Build configuration list for PBXNativeTarget "TamagotchiGameProject" */;
			buildPhases = (
				4988968A288A7AD200661532 /* Sources */,
				4988968B288A7AD200661532 /* Frameworks */,
				4988968C288A7AD200661532 /* Resources */,
			);
			buildRules = (
			);
			dependencies = (
			);
			name = TamagotchiGameProject;
			productName = TamagotchiGameProject;
			productReference = 4988968E288A7AD200661532 /* TamagotchiGameProject.app */;
			productType = "com.apple.product-type.application";
		};
/* End PBXNativeTarget section */

/* Begin PBXProject section */
		49889686288A7AD200661532 /* Project object */ = {
			isa = PBXProject;
			attributes = {
				BuildIndependentTargetsInParallel = 1;
				LastSwiftUpdateCheck = 1340;
				LastUpgradeCheck = 1340;
				TargetAttributes = {
					4988968D288A7AD200661532 = {
						CreatedOnToolsVersion = 13.4.1;
					};
				};
			};
			buildConfigurationList = 49889689288A7AD200661532 /* Build configuration list for PBXProject "TamagotchiGameProject" */;
			compatibilityVersion = "Xcode 13.0";
			developmentRegion = en;
			hasScannedForEncodings = 0;
			knownRegions = (
				en,
				Base,
			);
			mainGroup = 49889685288A7AD200661532;
			productRefGroup = 4988968F288A7AD200661532 /* Products */;
			projectDirPath = "";
			projectRoot = "";
			targets = (
				4988968D288A7AD200661532 /* TamagotchiGameProject */,
			);
		};
/* End PBXProject section */

/* Begin PBXResourcesBuildPhase section */
		4988968C288A7AD200661532 /* Resources */ = {
			isa = PBXResourcesBuildPhase;
			buildActionMask = 2147483647;
			files = (
				4988969E288A7AD400661532 /* LaunchScreen.storyboard in Resources */,
				4988969B288A7AD400661532 /* Assets.xcassets in Resources */,
				49889699288A7AD200661532 /* Main.storyboard in Resources */,
				498896A6288A915100661532 /* SelectTamagotchi.storyboard in Resources */,
			);
			runOnlyForDeploymentPostprocessing = 0;
		};
/* End PBXResourcesBuildPhase section */

/* Begin PBXSourcesBuildPhase section */
		4988968A288A7AD200661532 /* Sources */ = {
			isa = PBXSourcesBuildPhase;
			buildActionMask = 2147483647;
			files = (
				498896AC288AA69200661532 /* Tamagotchi.swift in Sources */,
				498896AE288AA74800661532 /* TamagotchiInfo.swift in Sources */,
				49889696288A7AD200661532 /* ViewController.swift in Sources */,
				49889692288A7AD200661532 /* AppDelegate.swift in Sources */,
				498896AA288A925600661532 /* SelectTamagotchiCollectionViewCell.swift in Sources */,
				49889694288A7AD200661532 /* SceneDelegate.swift in Sources */,
				498896A8288A924100661532 /* SelectTamagotchiCollectionCollectionViewController.swift in Sources */,
				498896B0288AB90600661532 /* PopUpViewController.swift in Sources */,
			);
			runOnlyForDeploymentPostprocessing = 0;
		};
/* End PBXSourcesBuildPhase section */

/* Begin PBXVariantGroup section */
		49889697288A7AD200661532 /* Main.storyboard */ = {
			isa = PBXVariantGroup;
			children = (
				49889698288A7AD200661532 /* Base */,
			);
			name = Main.storyboard;
			sourceTree = "<group>";
		};
		4988969C288A7AD400661532 /* LaunchScreen.storyboard */ = {
			isa = PBXVariantGroup;
			children = (
				4988969D288A7AD400661532 /* Base */,
			);
			name = LaunchScreen.storyboard;
			sourceTree = "<group>";
		};
/* End PBXVariantGroup section */

/* Begin XCBuildConfiguration section */
		498896A0288A7AD400661532 /* Debug */ = {
			isa = XCBuildConfiguration;
			buildSettings = {
				ALWAYS_SEARCH_USER_PATHS = NO;
				CLANG_ANALYZER_NONNULL = YES;
				CLANG_ANALYZER_NUMBER_OBJECT_CONVERSION = YES_AGGRESSIVE;
				CLANG_CXX_LANGUAGE_STANDARD = "gnu++17";
				CLANG_ENABLE_MODULES = YES;
				CLANG_ENABLE_OBJC_ARC = YES;
				CLANG_ENABLE_OBJC_WEAK = YES;
				CLANG_WARN_BLOCK_CAPTURE_AUTORELEASING = YES;
				CLANG_WARN_BOOL_CONVERSION = YES;
				CLANG_WARN_COMMA = YES;
				CLANG_WARN_CONSTANT_CONVERSION = YES;
				CLANG_WARN_DEPRECATED_OBJC_IMPLEMENTATIONS = YES;
				CLANG_WARN_DIRECT_OBJC_ISA_USAGE = YES_ERROR;
				CLANG_WARN_DOCUMENTATION_COMMENTS = YES;
				CLANG_WARN_EMPTY_BODY = YES;
				CLANG_WARN_ENUM_CONVERSION = YES;
				CLANG_WARN_INFINITE_RECURSION = YES;
				CLANG_WARN_INT_CONVERSION = YES;
				CLANG_WARN_NON_LITERAL_NULL_CONVERSION = YES;
				CLANG_WARN_OBJC_IMPLICIT_RETAIN_SELF = YES;
				CLANG_WARN_OBJC_LITERAL_CONVERSION = YES;
				CLANG_WARN_OBJC_ROOT_CLASS = YES_ERROR;
				CLANG_WARN_QUOTED_INCLUDE_IN_FRAMEWORK_HEADER = YES;
				CLANG_WARN_RANGE_LOOP_ANALYSIS = YES;
				CLANG_WARN_STRICT_PROTOTYPES = YES;
				CLANG_WARN_SUSPICIOUS_MOVE = YES;
				CLANG_WARN_UNGUARDED_AVAILABILITY = YES_AGGRESSIVE;
				CLANG_WARN_UNREACHABLE_CODE = YES;
				CLANG_WARN__DUPLICATE_METHOD_MATCH = YES;
				COPY_PHASE_STRIP = NO;
				DEBUG_INFORMATION_FORMAT = dwarf;
				ENABLE_STRICT_OBJC_MSGSEND = YES;
				ENABLE_TESTABILITY = YES;
				GCC_C_LANGUAGE_STANDARD = gnu11;
				GCC_DYNAMIC_NO_PIC = NO;
				GCC_NO_COMMON_BLOCKS = YES;
				GCC_OPTIMIZATION_LEVEL = 0;
				GCC_PREPROCESSOR_DEFINITIONS = (
					"DEBUG=1",
					"$(inherited)",
				);
				GCC_WARN_64_TO_32_BIT_CONVERSION = YES;
				GCC_WARN_ABOUT_RETURN_TYPE = YES_ERROR;
				GCC_WARN_UNDECLARED_SELECTOR = YES;
				GCC_WARN_UNINITIALIZED_AUTOS = YES_AGGRESSIVE;
				GCC_WARN_UNUSED_FUNCTION = YES;
				GCC_WARN_UNUSED_VARIABLE = YES;
				IPHONEOS_DEPLOYMENT_TARGET = 15.5;
				MTL_ENABLE_DEBUG_INFO = INCLUDE_SOURCE;
				MTL_FAST_MATH = YES;
				ONLY_ACTIVE_ARCH = YES;
				SDKROOT = iphoneos;
				SWIFT_ACTIVE_COMPILATION_CONDITIONS = DEBUG;
				SWIFT_OPTIMIZATION_LEVEL = "-Onone";
			};
			name = Debug;
		};
		498896A1288A7AD400661532 /* Release */ = {
			isa = XCBuildConfiguration;
			buildSettings = {
				ALWAYS_SEARCH_USER_PATHS = NO;
				CLANG_ANALYZER_NONNULL = YES;
				CLANG_ANALYZER_NUMBER_OBJECT_CONVERSION = YES_AGGRESSIVE;
				CLANG_CXX_LANGUAGE_STANDARD = "gnu++17";
				CLANG_ENABLE_MODULES = YES;
				CLANG_ENABLE_OBJC_ARC = YES;
				CLANG_ENABLE_OBJC_WEAK = YES;
				CLANG_WARN_BLOCK_CAPTURE_AUTORELEASING = YES;
				CLANG_WARN_BOOL_CONVERSION = YES;
				CLANG_WARN_COMMA = YES;
				CLANG_WARN_CONSTANT_CONVERSION = YES;
				CLANG_WARN_DEPRECATED_OBJC_IMPLEMENTATIONS = YES;
				CLANG_WARN_DIRECT_OBJC_ISA_USAGE = YES_ERROR;
				CLANG_WARN_DOCUMENTATION_COMMENTS = YES;
				CLANG_WARN_EMPTY_BODY = YES;
				CLANG_WARN_ENUM_CONVERSION = YES;
				CLANG_WARN_INFINITE_RECURSION = YES;
				CLANG_WARN_INT_CONVERSION = YES;
				CLANG_WARN_NON_LITERAL_NULL_CONVERSION = YES;
				CLANG_WARN_OBJC_IMPLICIT_RETAIN_SELF = YES;
				CLANG_WARN_OBJC_LITERAL_CONVERSION = YES;
				CLANG_WARN_OBJC_ROOT_CLASS = YES_ERROR;
				CLANG_WARN_QUOTED_INCLUDE_IN_FRAMEWORK_HEADER = YES;
				CLANG_WARN_RANGE_LOOP_ANALYSIS = YES;
				CLANG_WARN_STRICT_PROTOTYPES = YES;
				CLANG_WARN_SUSPICIOUS_MOVE = YES;
				CLANG_WARN_UNGUARDED_AVAILABILITY = YES_AGGRESSIVE;
				CLANG_WARN_UNREACHABLE_CODE = YES;
				CLANG_WARN__DUPLICATE_METHOD_MATCH = YES;
				COPY_PHASE_STRIP = NO;
				DEBUG_INFORMATION_FORMAT = "dwarf-with-dsym";
				ENABLE_NS_ASSERTIONS = NO;
				ENABLE_STRICT_OBJC_MSGSEND = YES;
				GCC_C_LANGUAGE_STANDARD = gnu11;
				GCC_NO_COMMON_BLOCKS = YES;
				GCC_WARN_64_TO_32_BIT_CONVERSION = YES;
				GCC_WARN_ABOUT_RETURN_TYPE = YES_ERROR;
				GCC_WARN_UNDECLARED_SELECTOR = YES;
				GCC_WARN_UNINITIALIZED_AUTOS = YES_AGGRESSIVE;
				GCC_WARN_UNUSED_FUNCTION = YES;
				GCC_WARN_UNUSED_VARIABLE = YES;
				IPHONEOS_DEPLOYMENT_TARGET = 15.5;
				MTL_ENABLE_DEBUG_INFO = NO;
				MTL_FAST_MATH = YES;
				SDKROOT = iphoneos;
				SWIFT_COMPILATION_MODE = wholemodule;
				SWIFT_OPTIMIZATION_LEVEL = "-O";
				VALIDATE_PRODUCT = YES;
			};
			name = Release;
		};
		498896A3288A7AD400661532 /* Debug */ = {
			isa = XCBuildConfiguration;
			buildSettings = {
				ASSETCATALOG_COMPILER_APPICON_NAME = AppIcon;
				ASSETCATALOG_COMPILER_GLOBAL_ACCENT_COLOR_NAME = AccentColor;
				CODE_SIGN_STYLE = Automatic;
				CURRENT_PROJECT_VERSION = 1;
				DEVELOPMENT_TEAM = AW5HC5SGGG;
				GENERATE_INFOPLIST_FILE = YES;
				INFOPLIST_FILE = TamagotchiGameProject/Info.plist;
				INFOPLIST_KEY_UIApplicationSupportsIndirectInputEvents = YES;
				INFOPLIST_KEY_UILaunchStoryboardName = LaunchScreen;
				INFOPLIST_KEY_UIMainStoryboardFile = SelectTamagotchi;
				INFOPLIST_KEY_UISupportedInterfaceOrientations_iPad = "UIInterfaceOrientationPortrait UIInterfaceOrientationPortraitUpsideDown UIInterfaceOrientationLandscapeLeft UIInterfaceOrientationLandscapeRight";
				INFOPLIST_KEY_UISupportedInterfaceOrientations_iPhone = "UIInterfaceOrientationPortrait UIInterfaceOrientationLandscapeLeft UIInterfaceOrientationLandscapeRight";
				LD_RUNPATH_SEARCH_PATHS = (
					"$(inherited)",
					"@executable_path/Frameworks",
				);
				MARKETING_VERSION = 1.0;
				PRODUCT_BUNDLE_IDENTIFIER = com.dlee..TamagotchiGameProject;
				PRODUCT_NAME = "$(TARGET_NAME)";
				SWIFT_EMIT_LOC_STRINGS = YES;
				SWIFT_VERSION = 5.0;
				TARGETED_DEVICE_FAMILY = "1,2";
			};
			name = Debug;
		};
		498896A4288A7AD400661532 /* Release */ = {
			isa = XCBuildConfiguration;
			buildSettings = {
				ASSETCATALOG_COMPILER_APPICON_NAME = AppIcon;
				ASSETCATALOG_COMPILER_GLOBAL_ACCENT_COLOR_NAME = AccentColor;
				CODE_SIGN_STYLE = Automatic;
				CURRENT_PROJECT_VERSION = 1;
				DEVELOPMENT_TEAM = AW5HC5SGGG;
				GENERATE_INFOPLIST_FILE = YES;
				INFOPLIST_FILE = TamagotchiGameProject/Info.plist;
				INFOPLIST_KEY_UIApplicationSupportsIndirectInputEvents = YES;
				INFOPLIST_KEY_UILaunchStoryboardName = LaunchScreen;
				INFOPLIST_KEY_UIMainStoryboardFile = SelectTamagotchi;
				INFOPLIST_KEY_UISupportedInterfaceOrientations_iPad = "UIInterfaceOrientationPortrait UIInterfaceOrientationPortraitUpsideDown UIInterfaceOrientationLandscapeLeft UIInterfaceOrientationLandscapeRight";
				INFOPLIST_KEY_UISupportedInterfaceOrientations_iPhone = "UIInterfaceOrientationPortrait UIInterfaceOrientationLandscapeLeft UIInterfaceOrientationLandscapeRight";
				LD_RUNPATH_SEARCH_PATHS = (
					"$(inherited)",
					"@executable_path/Frameworks",
				);
				MARKETING_VERSION = 1.0;
				PRODUCT_BUNDLE_IDENTIFIER = com.dlee..TamagotchiGameProject;
				PRODUCT_NAME = "$(TARGET_NAME)";
				SWIFT_EMIT_LOC_STRINGS = YES;
				SWIFT_VERSION = 5.0;
				TARGETED_DEVICE_FAMILY = "1,2";
			};
			name = Release;
		};
/* End XCBuildConfiguration section */

/* Begin XCConfigurationList section */
		49889689288A7AD200661532 /* Build configuration list for PBXProject "TamagotchiGameProject" */ = {
			isa = XCConfigurationList;
			buildConfigurations = (
				498896A0288A7AD400661532 /* Debug */,
				498896A1288A7AD400661532 /* Release */,
			);
			defaultConfigurationIsVisible = 0;
			defaultConfigurationName = Release;
		};
		498896A2288A7AD400661532 /* Build configuration list for PBXNativeTarget "TamagotchiGameProject" */ = {
			isa = XCConfigurationList;
			buildConfigurations = (
				498896A3288A7AD400661532 /* Debug */,
				498896A4288A7AD400661532 /* Release */,
			);
			defaultConfigurationIsVisible = 0;
			defaultConfigurationName = Release;
		};
/* End XCConfigurationList section */
	};
	rootObject = 49889686288A7AD200661532 /* Project object */;
}
